
Microsoft Visual Studio Solution File, Format Version 12.00
# Visual Studio Version 17
VisualStudioVersion = 17.11.35222.181
MinimumVisualStudioVersion = 10.0.40219.1
Project("{FAE04EC0-301F-11D3-BF4B-00C04F79EFBC}") = "AdaptationManagement", "AdaptationManagement.csproj", "{6AC872E3-F40F-44EE-8E16-7301413CAD79}"
EndProject
Global
	GlobalSection(SolutionConfigurationPlatforms) = preSolution
		Debug|Any CPU = Debug|Any CPU
		Release|Any CPU = Release|Any CPU
	EndGlobalSection
	GlobalSection(ProjectConfigurationPlatforms) = postSolution
		{6AC872E3-F40F-44EE-8E16-7301413CAD79}.Debug|Any CPU.ActiveCfg = Debug|Any CPU
		{6AC872E3-F40F-44EE-8E16-7301413CAD79}.Debug|Any CPU.Build.0 = Debug|Any CPU
		{6AC872E3-F40F-44EE-8E16-7301413CAD79}.Release|Any CPU.ActiveCfg = Release|Any CPU
		{6AC872E3-F40F-44EE-8E16-7301413CAD79}.Release|Any CPU.Build.0 = Release|Any CPU
	EndGlobalSection
	GlobalSection(SolutionProperties) = preSolution
		HideSolutionNode = FALSE
	EndGlobalSection
	GlobalSection(ExtensibilityGlobals) = postSolution
		SolutionGuid = {D3E89392-A1DA-42B2-A6D3-8A0628D242B0}
	EndGlobalSection
EndGlobal
